// !$*UTF8*$!
{
	archiveVersion = 1;
	classes = {
	};
	objectVersion = 50;
	objects = {

/* Begin PBXBuildFile section */
		6666DA7B20D114BF002FFBD1 /* Localizable.strings in Resources */ = {isa = PBXBuildFile; fileRef = 6666DA7D20D114BF002FFBD1 /* Localizable.strings */; };
		66B235B720CCEE7300922D90 /* AppDelegate.m in Sources */ = {isa = PBXBuildFile; fileRef = 66B235B620CCEE7300922D90 /* AppDelegate.m */; };
		66B235BA20CCEE7300922D90 /* ViewController.m in Sources */ = {isa = PBXBuildFile; fileRef = 66B235B920CCEE7300922D90 /* ViewController.m */; };
		66B235BD20CCEE7300922D90 /* Main.storyboard in Resources */ = {isa = PBXBuildFile; fileRef = 66B235BB20CCEE7300922D90 /* Main.storyboard */; };
		66B235BF20CCEE7500922D90 /* Assets.xcassets in Resources */ = {isa = PBXBuildFile; fileRef = 66B235BE20CCEE7500922D90 /* Assets.xcassets */; };
		66B235C220CCEE7500922D90 /* LaunchScreen.storyboard in Resources */ = {isa = PBXBuildFile; fileRef = 66B235C020CCEE7500922D90 /* LaunchScreen.storyboard */; };
		66B235C520CCEE7500922D90 /* main.m in Sources */ = {isa = PBXBuildFile; fileRef = 66B235C420CCEE7500922D90 /* main.m */; };
/* End PBXBuildFile section */

/* Begin PBXFileReference section */
		6666DA7C20D114BF002FFBD1 /* ja */ = {isa = PBXFileReference; lastKnownFileType = text.plist.strings; name = ja; path = ja.lproj/Localizable.strings; sourceTree = "<group>"; };
		6666DA7E20D11585002FFBD1 /* Base */ = {isa = PBXFileReference; lastKnownFileType = text.plist.strings; name = Base; path = Base.lproj/Localizable.strings; sourceTree = "<group>"; };
		66B235B220CCEE7300922D90 /* stv_projective2.1.1.app */ = {isa = PBXFileReference; explicitFileType = wrapper.application; includeInIndex = 0; path = stv_projective2.1.1.app; sourceTree = BUILT_PRODUCTS_DIR; };
		66B235B520CCEE7300922D90 /* AppDelegate.h */ = {isa = PBXFileReference; lastKnownFileType = sourcecode.c.h; path = AppDelegate.h; sourceTree = "<group>"; };
		66B235B620CCEE7300922D90 /* AppDelegate.m */ = {isa = PBXFileReference; lastKnownFileType = sourcecode.c.objc; path = AppDelegate.m; sourceTree = "<group>"; };
		66B235B820CCEE7300922D90 /* ViewController.h */ = {isa = PBXFileReference; lastKnownFileType = sourcecode.c.h; path = ViewController.h; sourceTree = "<group>"; };
		66B235B920CCEE7300922D90 /* ViewController.m */ = {isa = PBXFileReference; lastKnownFileType = sourcecode.c.objc; path = ViewController.m; sourceTree = "<group>"; };
		66B235BC20CCEE7300922D90 /* Base */ = {isa = PBXFileReference; lastKnownFileType = file.storyboard; name = Base; path = Base.lproj/Main.storyboard; sourceTree = "<group>"; };
		66B235BE20CCEE7500922D90 /* Assets.xcassets */ = {isa = PBXFileReference; lastKnownFileType = folder.assetcatalog; path = Assets.xcassets; sourceTree = "<group>"; };
		66B235C120CCEE7500922D90 /* Base */ = {isa = PBXFileReference; lastKnownFileType = file.storyboard; name = Base; path = Base.lproj/LaunchScreen.storyboard; sourceTree = "<group>"; };
		66B235C320CCEE7500922D90 /* Info.plist */ = {isa = PBXFileReference; lastKnownFileType = text.plist.xml; path = Info.plist; sourceTree = "<group>"; };
		66B235C420CCEE7500922D90 /* main.m */ = {isa = PBXFileReference; lastKnownFileType = sourcecode.c.objc; path = main.m; sourceTree = "<group>"; };
		66B235CD20CCF35900922D90 /* ja */ = {isa = PBXFileReference; lastKnownFileType = text.plist.strings; name = ja; path = ja.lproj/Main.strings; sourceTree = "<group>"; };
		66B235CE20CCF35A00922D90 /* ja */ = {isa = PBXFileReference; lastKnownFileType = text.plist.strings; name = ja; path = ja.lproj/LaunchScreen.strings; sourceTree = "<group>"; };
/* End PBXFileReference section */

/* Begin PBXFrameworksBuildPhase section */
		66B235AF20CCEE7300922D90 /* Frameworks */ = {
			isa = PBXFrameworksBuildPhase;
			buildActionMask = 2147483647;
			files = (
			);
			runOnlyForDeploymentPostprocessing = 0;
		};
/* End PBXFrameworksBuildPhase section */

/* Begin PBXGroup section */
		66B235A920CCEE7300922D90 = {
			isa = PBXGroup;
			children = (
				66B235B420CCEE7300922D90 /* stv_projective2.1.1 */,
				66B235B320CCEE7300922D90 /* Products */,
			);
			sourceTree = "<group>";
		};
		66B235B320CCEE7300922D90 /* Products */ = {
			isa = PBXGroup;
			children = (
				66B235B220CCEE7300922D90 /* stv_projective2.1.1.app */,
			);
			name = Products;
			sourceTree = "<group>";
		};
		66B235B420CCEE7300922D90 /* stv_projective2.1.1 */ = {
			isa = PBXGroup;
			children = (
				6666DA7D20D114BF002FFBD1 /* Localizable.strings */,
				66B235B520CCEE7300922D90 /* AppDelegate.h */,
				66B235B620CCEE7300922D90 /* AppDelegate.m */,
				66B235B820CCEE7300922D90 /* ViewController.h */,
				66B235B920CCEE7300922D90 /* ViewController.m */,
				66B235BB20CCEE7300922D90 /* Main.storyboard */,
				66B235BE20CCEE7500922D90 /* Assets.xcassets */,
				66B235C020CCEE7500922D90 /* LaunchScreen.storyboard */,
				66B235C320CCEE7500922D90 /* Info.plist */,
				66B235C420CCEE7500922D90 /* main.m */,
			);
			path = stv_projective2.1.1;
			sourceTree = "<group>";
		};
/* End PBXGroup section */

/* Begin PBXNativeTarget section */
		66B235B120CCEE7300922D90 /* stv_projective2.1.1 */ = {
			isa = PBXNativeTarget;
			buildConfigurationList = 66B235C820CCEE7500922D90 /* Build configuration list for PBXNativeTarget "stv_projective2.1.1" */;
			buildPhases = (
				66B235AE20CCEE7300922D90 /* Sources */,
				66B235AF20CCEE7300922D90 /* Frameworks */,
				66B235B020CCEE7300922D90 /* Resources */,
			);
			buildRules = (
			);
			dependencies = (
			);
			name = stv_projective2.1.1;
			productName = stv_projective2.1.1;
			productReference = 66B235B220CCEE7300922D90 /* stv_projective2.1.1.app */;
			productType = "com.apple.product-type.application";
		};
/* End PBXNativeTarget section */

/* Begin PBXProject section */
		66B235AA20CCEE7300922D90 /* Project object */ = {
			isa = PBXProject;
			attributes = {
				LastUpgradeCheck = 0930;
				ORGANIZATIONNAME = h;
				TargetAttributes = {
					66B235B120CCEE7300922D90 = {
						CreatedOnToolsVersion = 9.3.1;
					};
				};
			};
			buildConfigurationList = 66B235AD20CCEE7300922D90 /* Build configuration list for PBXProject "stv_projective2.1.1" */;
			compatibilityVersion = "Xcode 9.3";
			developmentRegion = en;
			hasScannedForEncodings = 0;
			knownRegions = (
				en,
				Base,
			);
			mainGroup = 66B235A920CCEE7300922D90;
			productRefGroup = 66B235B320CCEE7300922D90 /* Products */;
			projectDirPath = "";
			projectRoot = "";
			targets = (
				66B235B120CCEE7300922D90 /* stv_projective2.1.1 */,
			);
		};
/* End PBXProject section */

/* Begin PBXResourcesBuildPhase section */
		66B235B020CCEE7300922D90 /* Resources */ = {
			isa = PBXResourcesBuildPhase;
			buildActionMask = 2147483647;
			files = (
				66B235C220CCEE7500922D90 /* LaunchScreen.storyboard in Resources */,
				6666DA7B20D114BF002FFBD1 /* Localizable.strings in Resources */,
				66B235BF20CCEE7500922D90 /* Assets.xcassets in Resources */,
				66B235BD20CCEE7300922D90 /* Main.storyboard in Resources */,
			);
			runOnlyForDeploymentPostprocessing = 0;
		};
/* End PBXResourcesBuildPhase section */

/* Begin PBXSourcesBuildPhase section */
		66B235AE20CCEE7300922D90 /* Sources */ = {
			isa = PBXSourcesBuildPhase;
			buildActionMask = 2147483647;
			files = (
				66B235BA20CCEE7300922D90 /* ViewController.m in Sources */,
				66B235C520CCEE7500922D90 /* main.m in Sources */,
				66B235B720CCEE7300922D90 /* AppDelegate.m in Sources */,
			);
			runOnlyForDeploymentPostprocessing = 0;
		};
/* End PBXSourcesBuildPhase section */

/* Begin PBXVariantGroup section */
		6666DA7D20D114BF002FFBD1 /* Localizable.strings */ = {
			isa = PBXVariantGroup;
			children = (
				6666DA7C20D114BF002FFBD1 /* ja */,
				6666DA7E20D11585002FFBD1 /* Base */,
			);
			name = Localizable.strings;
			sourceTree = "<group>";
		};
		66B235BB20CCEE7300922D90 /* Main.storyboard */ = {
			isa = PBXVariantGroup;
			children = (
				66B235BC20CCEE7300922D90 /* Base */,
				66B235CD20CCF35900922D90 /* ja */,
			);
			name = Main.storyboard;
			sourceTree = "<group>";
		};
		66B235C020CCEE7500922D90 /* LaunchScreen.storyboard */ = {
			isa = PBXVariantGroup;
			children = (
				66B235C120CCEE7500922D90 /* Base */,
				66B235CE20CCF35A00922D90 /* ja */,
			);
			name = LaunchScreen.storyboard;
			sourceTree = "<group>";
		};
/* End PBXVariantGroup section */

/* Begin XCBuildConfiguration section */
		66B235C620CCEE7500922D90 /* Debug */ = {
			isa = XCBuildConfiguration;
			buildSettings = {
				ALWAYS_SEARCH_USER_PATHS = NO;
				CLANG_ANALYZER_LOCALIZABILITY_NONLOCALIZED = YES;
				CLANG_ANALYZER_NONNULL = YES;
				CLANG_ANALYZER_NUMBER_OBJECT_CONVERSION = YES_AGGRESSIVE;
				CLANG_CXX_LANGUAGE_STANDARD = "gnu++14";
				CLANG_CXX_LIBRARY = "libc++";
				CLANG_ENABLE_MODULES = YES;
				CLANG_ENABLE_OBJC_ARC = YES;
				CLANG_ENABLE_OBJC_WEAK = YES;
				CLANG_WARN_BLOCK_CAPTURE_AUTORELEASING = YES;
				CLANG_WARN_BOOL_CONVERSION = YES;
				CLANG_WARN_COMMA = YES;
				CLANG_WARN_CONSTANT_CONVERSION = YES;
				CLANG_WARN_DEPRECATED_OBJC_IMPLEMENTATIONS = YES;
				CLANG_WARN_DIRECT_OBJC_ISA_USAGE = YES_ERROR;
				CLANG_WARN_DOCUMENTATION_COMMENTS = YES;
				CLANG_WARN_EMPTY_BODY = YES;
				CLANG_WARN_ENUM_CONVERSION = YES;
				CLANG_WARN_INFINITE_RECURSION = YES;
				CLANG_WARN_INT_CONVERSION = YES;
				CLANG_WARN_NON_LITERAL_NULL_CONVERSION = YES;
				CLANG_WARN_OBJC_IMPLICIT_RETAIN_SELF = YES;
				CLANG_WARN_OBJC_LITERAL_CONVERSION = YES;
				CLANG_WARN_OBJC_ROOT_CLASS = YES_ERROR;
				CLANG_WARN_RANGE_LOOP_ANALYSIS = YES;
				CLANG_WARN_STRICT_PROTOTYPES = YES;
				CLANG_WARN_SUSPICIOUS_MOVE = YES;
				CLANG_WARN_UNGUARDED_AVAILABILITY = YES_AGGRESSIVE;
				CLANG_WARN_UNREACHABLE_CODE = YES;
				CLANG_WARN__DUPLICATE_METHOD_MATCH = YES;
				CODE_SIGN_IDENTITY = "iPhone Developer";
				COPY_PHASE_STRIP = NO;
				DEBUG_INFORMATION_FORMAT = dwarf;
				ENABLE_STRICT_OBJC_MSGSEND = YES;
				ENABLE_TESTABILITY = YES;
				GCC_C_LANGUAGE_STANDARD = gnu11;
				GCC_DYNAMIC_NO_PIC = NO;
				GCC_NO_COMMON_BLOCKS = YES;
				GCC_OPTIMIZATION_LEVEL = 0;
				GCC_PREPROCESSOR_DEFINITIONS = (
					"DEBUG=1",
					"$(inherited)",
				);
				GCC_WARN_64_TO_32_BIT_CONVERSION = YES;
				GCC_WARN_ABOUT_RETURN_TYPE = YES_ERROR;
				GCC_WARN_UNDECLARED_SELECTOR = YES;
				GCC_WARN_UNINITIALIZED_AUTOS = YES_AGGRESSIVE;
				GCC_WARN_UNUSED_FUNCTION = YES;
				GCC_WARN_UNUSED_VARIABLE = YES;
				IPHONEOS_DEPLOYMENT_TARGET = 11.3;
				MTL_ENABLE_DEBUG_INFO = YES;
				ONLY_ACTIVE_ARCH = YES;
				SDKROOT = iphoneos;
			};
			name = Debug;
		};
		66B235C720CCEE7500922D90 /* Release */ = {
			isa = XCBuildConfiguration;
			buildSettings = {
				ALWAYS_SEARCH_USER_PATHS = NO;
				CLANG_ANALYZER_LOCALIZABILITY_NONLOCALIZED = YES;
				CLANG_ANALYZER_NONNULL = YES;
				CLANG_ANALYZER_NUMBER_OBJECT_CONVERSION = YES_AGGRESSIVE;
				CLANG_CXX_LANGUAGE_STANDARD = "gnu++14";
				CLANG_CXX_LIBRARY = "libc++";
				CLANG_ENABLE_MODULES = YES;
				CLANG_ENABLE_OBJC_ARC = YES;
				CLANG_ENABLE_OBJC_WEAK = YES;
				CLANG_WARN_BLOCK_CAPTURE_AUTORELEASING = YES;
				CLANG_WARN_BOOL_CONVERSION = YES;
				CLANG_WARN_COMMA = YES;
				CLANG_WARN_CONSTANT_CONVERSION = YES;
				CLANG_WARN_DEPRECATED_OBJC_IMPLEMENTATIONS = YES;
				CLANG_WARN_DIRECT_OBJC_ISA_USAGE = YES_ERROR;
				CLANG_WARN_DOCUMENTATION_COMMENTS = YES;
				CLANG_WARN_EMPTY_BODY = YES;
				CLANG_WARN_ENUM_CONVERSION = YES;
				CLANG_WARN_INFINITE_RECURSION = YES;
				CLANG_WARN_INT_CONVERSION = YES;
				CLANG_WARN_NON_LITERAL_NULL_CONVERSION = YES;
				CLANG_WARN_OBJC_IMPLICIT_RETAIN_SELF = YES;
				CLANG_WARN_OBJC_LITERAL_CONVERSION = YES;
				CLANG_WARN_OBJC_ROOT_CLASS = YES_ERROR;
				CLANG_WARN_RANGE_LOOP_ANALYSIS = YES;
				CLANG_WARN_STRICT_PROTOTYPES = YES;
				CLANG_WARN_SUSPICIOUS_MOVE = YES;
				CLANG_WARN_UNGUARDED_AVAILABILITY = YES_AGGRESSIVE;
				CLANG_WARN_UNREACHABLE_CODE = YES;
				CLANG_WARN__DUPLICATE_METHOD_MATCH = YES;
				CODE_SIGN_IDENTITY = "iPhone Developer";
				COPY_PHASE_STRIP = NO;
				DEBUG_INFORMATION_FORMAT = "dwarf-with-dsym";
				ENABLE_NS_ASSERTIONS = NO;
				ENABLE_STRICT_OBJC_MSGSEND = YES;
				GCC_C_LANGUAGE_STANDARD = gnu11;
				GCC_NO_COMMON_BLOCKS = YES;
				GCC_WARN_64_TO_32_BIT_CONVERSION = YES;
				GCC_WARN_ABOUT_RETURN_TYPE = YES_ERROR;
				GCC_WARN_UNDECLARED_SELECTOR = YES;
				GCC_WARN_UNINITIALIZED_AUTOS = YES_AGGRESSIVE;
				GCC_WARN_UNUSED_FUNCTION = YES;
				GCC_WARN_UNUSED_VARIABLE = YES;
				IPHONEOS_DEPLOYMENT_TARGET = 11.3;
				MTL_ENABLE_DEBUG_INFO = NO;
				SDKROOT = iphoneos;
				VALIDATE_PRODUCT = YES;
			};
			name = Release;
		};
		66B235C920CCEE7500922D90 /* Debug */ = {
			isa = XCBuildConfiguration;
			buildSettings = {
				ASSETCATALOG_COMPILER_APPICON_NAME = AppIcon;
				CODE_SIGN_STYLE = Automatic;
				DEVELOPMENT_TEAM = 974LVD65BN;
				INFOPLIST_FILE = stv_projective2.1.1/Info.plist;
				LD_RUNPATH_SEARCH_PATHS = (
					"$(inherited)",
					"@executable_path/Frameworks",
				);
				PRODUCT_BUNDLE_IDENTIFIER = "com.h.stv-projective2-1-1";
				PRODUCT_NAME = "$(TARGET_NAME)";
				TARGETED_DEVICE_FAMILY = "1,2";
			};
			name = Debug;
		};
		66B235CA20CCEE7500922D90 /* Release */ = {
			isa = XCBuildConfiguration;
			buildSettings = {
				ASSETCATALOG_COMPILER_APPICON_NAME = AppIcon;
				CODE_SIGN_STYLE = Automatic;
				DEVELOPMENT_TEAM = 974LVD65BN;
				INFOPLIST_FILE = stv_projective2.1.1/Info.plist;
				LD_RUNPATH_SEARCH_PATHS = (
					"$(inherited)",
					"@executable_path/Frameworks",
				);
				PRODUCT_BUNDLE_IDENTIFIER = "com.h.stv-projective2-1-1";
				PRODUCT_NAME = "$(TARGET_NAME)";
				TARGETED_DEVICE_FAMILY = "1,2";
			};
			name = Release;
		};
/* End XCBuildConfiguration section */

/* Begin XCConfigurationList section */
		66B235AD20CCEE7300922D90 /* Build configuration list for PBXProject "stv_projective2.1.1" */ = {
			isa = XCConfigurationList;
			buildConfigurations = (
				66B235C620CCEE7500922D90 /* Debug */,
				66B235C720CCEE7500922D90 /* Release */,
			);
			defaultConfigurationIsVisible = 0;
			defaultConfigurationName = Release;
		};
		66B235C820CCEE7500922D90 /* Build configuration list for PBXNativeTarget "stv_projective2.1.1" */ = {
			isa = XCConfigurationList;
			buildConfigurations = (
				66B235C920CCEE7500922D90 /* Debug */,
				66B235CA20CCEE7500922D90 /* Release */,
			);
			defaultConfigurationIsVisible = 0;
			defaultConfigurationName = Release;
		};
/* End XCConfigurationList section */
	};
	rootObject = 66B235AA20CCEE7300922D90 /* Project object */;
}
